// !$*UTF8*$!
{
	archiveVersion = 1;
	classes = {
	};
	objectVersion = 55;
	objects = {

/* Begin PBXBuildFile section */
		DEBB16E5285B370D00C77B57 /* AppDelegate.swift in Sources */ = {isa = PBXBuildFile; fileRef = DEBB16E4285B370D00C77B57 /* AppDelegate.swift */; };
		DEBB16E7285B370D00C77B57 /* SceneDelegate.swift in Sources */ = {isa = PBXBuildFile; fileRef = DEBB16E6285B370D00C77B57 /* SceneDelegate.swift */; };
		DEBB16EE285B370E00C77B57 /* Assets.xcassets in Resources */ = {isa = PBXBuildFile; fileRef = DEBB16ED285B370E00C77B57 /* Assets.xcassets */; };
		DEBB16F1285B370E00C77B57 /* LaunchScreen.storyboard in Resources */ = {isa = PBXBuildFile; fileRef = DEBB16EF285B370E00C77B57 /* LaunchScreen.storyboard */; };
		DEBB1706285B382800C77B57 /* Constants.swift in Sources */ = {isa = PBXBuildFile; fileRef = DEBB1705285B382800C77B57 /* Constants.swift */; };
		DEBB1708285B386C00C77B57 /* UIView+Ext.swift in Sources */ = {isa = PBXBuildFile; fileRef = DEBB1707285B386C00C77B57 /* UIView+Ext.swift */; };
		DEBB170A285B38CA00C77B57 /* Video.swift in Sources */ = {isa = PBXBuildFile; fileRef = DEBB1709285B38CA00C77B57 /* Video.swift */; };
		DEBB170C285B3A0000C77B57 /* VideoListVC.swift in Sources */ = {isa = PBXBuildFile; fileRef = DEBB170B285B3A0000C77B57 /* VideoListVC.swift */; };
		DEBB170E285B3C4400C77B57 /* VideoCell.swift in Sources */ = {isa = PBXBuildFile; fileRef = DEBB170D285B3C4400C77B57 /* VideoCell.swift */; };
/* End PBXBuildFile section */

/* Begin PBXFileReference section */
		DEBB16E1285B370D00C77B57 /* Programmatic Table View Study.app */ = {isa = PBXFileReference; explicitFileType = wrapper.application; includeInIndex = 0; path = "Programmatic Table View Study.app"; sourceTree = BUILT_PRODUCTS_DIR; };
		DEBB16E4285B370D00C77B57 /* AppDelegate.swift */ = {isa = PBXFileReference; lastKnownFileType = sourcecode.swift; path = AppDelegate.swift; sourceTree = "<group>"; };
		DEBB16E6285B370D00C77B57 /* SceneDelegate.swift */ = {isa = PBXFileReference; lastKnownFileType = sourcecode.swift; path = SceneDelegate.swift; sourceTree = "<group>"; };
		DEBB16ED285B370E00C77B57 /* Assets.xcassets */ = {isa = PBXFileReference; lastKnownFileType = folder.assetcatalog; path = Assets.xcassets; sourceTree = "<group>"; };
		DEBB16F0285B370E00C77B57 /* Base */ = {isa = PBXFileReference; lastKnownFileType = file.storyboard; name = Base; path = Base.lproj/LaunchScreen.storyboard; sourceTree = "<group>"; };
		DEBB16F2285B370E00C77B57 /* Info.plist */ = {isa = PBXFileReference; lastKnownFileType = text.plist.xml; path = Info.plist; sourceTree = "<group>"; };
		DEBB1705285B382800C77B57 /* Constants.swift */ = {isa = PBXFileReference; lastKnownFileType = sourcecode.swift; path = Constants.swift; sourceTree = "<group>"; };
		DEBB1707285B386C00C77B57 /* UIView+Ext.swift */ = {isa = PBXFileReference; lastKnownFileType = sourcecode.swift; path = "UIView+Ext.swift"; sourceTree = "<group>"; };
		DEBB1709285B38CA00C77B57 /* Video.swift */ = {isa = PBXFileReference; lastKnownFileType = sourcecode.swift; path = Video.swift; sourceTree = "<group>"; };
		DEBB170B285B3A0000C77B57 /* VideoListVC.swift */ = {isa = PBXFileReference; lastKnownFileType = sourcecode.swift; path = VideoListVC.swift; sourceTree = "<group>"; };
		DEBB170D285B3C4400C77B57 /* VideoCell.swift */ = {isa = PBXFileReference; lastKnownFileType = sourcecode.swift; path = VideoCell.swift; sourceTree = "<group>"; };
/* End PBXFileReference section */

/* Begin PBXFrameworksBuildPhase section */
		DEBB16DE285B370D00C77B57 /* Frameworks */ = {
			isa = PBXFrameworksBuildPhase;
			buildActionMask = 2147483647;
			files = (
			);
			runOnlyForDeploymentPostprocessing = 0;
		};
/* End PBXFrameworksBuildPhase section */

/* Begin PBXGroup section */
		DEBB16D8285B370D00C77B57 = {
			isa = PBXGroup;
			children = (
				DEBB16E3285B370D00C77B57 /* Programmatic Table View Study */,
				DEBB16E2285B370D00C77B57 /* Products */,
			);
			sourceTree = "<group>";
		};
		DEBB16E2285B370D00C77B57 /* Products */ = {
			isa = PBXGroup;
			children = (
				DEBB16E1285B370D00C77B57 /* Programmatic Table View Study.app */,
			);
			name = Products;
			sourceTree = "<group>";
		};
		DEBB16E3285B370D00C77B57 /* Programmatic Table View Study */ = {
			isa = PBXGroup;
			children = (
				DEBB1704285B37F800C77B57 /* Supporting */,
				DEBB1703285B37E700C77B57 /* Extensions-Utilities */,
				DEBB1702285B37E100C77B57 /* Model */,
				DEBB16F2285B370E00C77B57 /* Info.plist */,
				DEBB170B285B3A0000C77B57 /* VideoListVC.swift */,
				DEBB170D285B3C4400C77B57 /* VideoCell.swift */,
			);
			path = "Programmatic Table View Study";
			sourceTree = "<group>";
		};
		DEBB1702285B37E100C77B57 /* Model */ = {
			isa = PBXGroup;
			children = (
				DEBB1709285B38CA00C77B57 /* Video.swift */,
			);
			path = Model;
			sourceTree = "<group>";
		};
		DEBB1703285B37E700C77B57 /* Extensions-Utilities */ = {
			isa = PBXGroup;
			children = (
				DEBB1705285B382800C77B57 /* Constants.swift */,
				DEBB1707285B386C00C77B57 /* UIView+Ext.swift */,
			);
			path = "Extensions-Utilities";
			sourceTree = "<group>";
		};
		DEBB1704285B37F800C77B57 /* Supporting */ = {
			isa = PBXGroup;
			children = (
				DEBB16E4285B370D00C77B57 /* AppDelegate.swift */,
				DEBB16E6285B370D00C77B57 /* SceneDelegate.swift */,
				DEBB16ED285B370E00C77B57 /* Assets.xcassets */,
				DEBB16EF285B370E00C77B57 /* LaunchScreen.storyboard */,
			);
			path = Supporting;
			sourceTree = "<group>";
		};
/* End PBXGroup section */

/* Begin PBXNativeTarget section */
		DEBB16E0285B370D00C77B57 /* Programmatic Table View Study */ = {
			isa = PBXNativeTarget;
			buildConfigurationList = DEBB16F5285B370E00C77B57 /* Build configuration list for PBXNativeTarget "Programmatic Table View Study" */;
			buildPhases = (
				DEBB16DD285B370D00C77B57 /* Sources */,
				DEBB16DE285B370D00C77B57 /* Frameworks */,
				DEBB16DF285B370D00C77B57 /* Resources */,
			);
			buildRules = (
			);
			dependencies = (
			);
			name = "Programmatic Table View Study";
			productName = "Programmatic Table View Study";
			productReference = DEBB16E1285B370D00C77B57 /* Programmatic Table View Study.app */;
			productType = "com.apple.product-type.application";
		};
/* End PBXNativeTarget section */

/* Begin PBXProject section */
		DEBB16D9285B370D00C77B57 /* Project object */ = {
			isa = PBXProject;
			attributes = {
				BuildIndependentTargetsInParallel = 1;
				LastSwiftUpdateCheck = 1320;
				LastUpgradeCheck = 1320;
				TargetAttributes = {
					DEBB16E0285B370D00C77B57 = {
						CreatedOnToolsVersion = 13.2.1;
					};
				};
			};
			buildConfigurationList = DEBB16DC285B370D00C77B57 /* Build configuration list for PBXProject "Programmatic Table View Study" */;
			compatibilityVersion = "Xcode 13.0";
			developmentRegion = en;
			hasScannedForEncodings = 0;
			knownRegions = (
				en,
				Base,
			);
			mainGroup = DEBB16D8285B370D00C77B57;
			productRefGroup = DEBB16E2285B370D00C77B57 /* Products */;
			projectDirPath = "";
			projectRoot = "";
			targets = (
				DEBB16E0285B370D00C77B57 /* Programmatic Table View Study */,
			);
		};
/* End PBXProject section */

/* Begin PBXResourcesBuildPhase section */
		DEBB16DF285B370D00C77B57 /* Resources */ = {
			isa = PBXResourcesBuildPhase;
			buildActionMask = 2147483647;
			files = (
				DEBB16F1285B370E00C77B57 /* LaunchScreen.storyboard in Resources */,
				DEBB16EE285B370E00C77B57 /* Assets.xcassets in Resources */,
			);
			runOnlyForDeploymentPostprocessing = 0;
		};
/* End PBXResourcesBuildPhase section */

/* Begin PBXSourcesBuildPhase section */
		DEBB16DD285B370D00C77B57 /* Sources */ = {
			isa = PBXSourcesBuildPhase;
			buildActionMask = 2147483647;
			files = (
				DEBB170C285B3A0000C77B57 /* VideoListVC.swift in Sources */,
				DEBB170E285B3C4400C77B57 /* VideoCell.swift in Sources */,
				DEBB170A285B38CA00C77B57 /* Video.swift in Sources */,
				DEBB16E5285B370D00C77B57 /* AppDelegate.swift in Sources */,
				DEBB16E7285B370D00C77B57 /* SceneDelegate.swift in Sources */,
				DEBB1706285B382800C77B57 /* Constants.swift in Sources */,
				DEBB1708285B386C00C77B57 /* UIView+Ext.swift in Sources */,
			);
			runOnlyForDeploymentPostprocessing = 0;
		};
/* End PBXSourcesBuildPhase section */

/* Begin PBXVariantGroup section */
		DEBB16EF285B370E00C77B57 /* LaunchScreen.storyboard */ = {
			isa = PBXVariantGroup;
			children = (
				DEBB16F0285B370E00C77B57 /* Base */,
			);
			name = LaunchScreen.storyboard;
			sourceTree = "<group>";
		};
/* End PBXVariantGroup section */

/* Begin XCBuildConfiguration section */
		DEBB16F3285B370E00C77B57 /* Debug */ = {
			isa = XCBuildConfiguration;
			buildSettings = {
				ALWAYS_SEARCH_USER_PATHS = NO;
				CLANG_ANALYZER_NONNULL = YES;
				CLANG_ANALYZER_NUMBER_OBJECT_CONVERSION = YES_AGGRESSIVE;
				CLANG_CXX_LANGUAGE_STANDARD = "gnu++17";
				CLANG_CXX_LIBRARY = "libc++";
				CLANG_ENABLE_MODULES = YES;
				CLANG_ENABLE_OBJC_ARC = YES;
				CLANG_ENABLE_OBJC_WEAK = YES;
				CLANG_WARN_BLOCK_CAPTURE_AUTORELEASING = YES;
				CLANG_WARN_BOOL_CONVERSION = YES;
				CLANG_WARN_COMMA = YES;
				CLANG_WARN_CONSTANT_CONVERSION = YES;
				CLANG_WARN_DEPRECATED_OBJC_IMPLEMENTATIONS = YES;
				CLANG_WARN_DIRECT_OBJC_ISA_USAGE = YES_ERROR;
				CLANG_WARN_DOCUMENTATION_COMMENTS = YES;
				CLANG_WARN_EMPTY_BODY = YES;
				CLANG_WARN_ENUM_CONVERSION = YES;
				CLANG_WARN_INFINITE_RECURSION = YES;
				CLANG_WARN_INT_CONVERSION = YES;
				CLANG_WARN_NON_LITERAL_NULL_CONVERSION = YES;
				CLANG_WARN_OBJC_IMPLICIT_RETAIN_SELF = YES;
				CLANG_WARN_OBJC_LITERAL_CONVERSION = YES;
				CLANG_WARN_OBJC_ROOT_CLASS = YES_ERROR;
				CLANG_WARN_QUOTED_INCLUDE_IN_FRAMEWORK_HEADER = YES;
				CLANG_WARN_RANGE_LOOP_ANALYSIS = YES;
				CLANG_WARN_STRICT_PROTOTYPES = YES;
				CLANG_WARN_SUSPICIOUS_MOVE = YES;
				CLANG_WARN_UNGUARDED_AVAILABILITY = YES_AGGRESSIVE;
				CLANG_WARN_UNREACHABLE_CODE = YES;
				CLANG_WARN__DUPLICATE_METHOD_MATCH = YES;
				COPY_PHASE_STRIP = NO;
				DEBUG_INFORMATION_FORMAT = dwarf;
				ENABLE_STRICT_OBJC_MSGSEND = YES;
				ENABLE_TESTABILITY = YES;
				GCC_C_LANGUAGE_STANDARD = gnu11;
				GCC_DYNAMIC_NO_PIC = NO;
				GCC_NO_COMMON_BLOCKS = YES;
				GCC_OPTIMIZATION_LEVEL = 0;
				GCC_PREPROCESSOR_DEFINITIONS = (
					"DEBUG=1",
					"$(inherited)",
				);
				GCC_WARN_64_TO_32_BIT_CONVERSION = YES;
				GCC_WARN_ABOUT_RETURN_TYPE = YES_ERROR;
				GCC_WARN_UNDECLARED_SELECTOR = YES;
				GCC_WARN_UNINITIALIZED_AUTOS = YES_AGGRESSIVE;
				GCC_WARN_UNUSED_FUNCTION = YES;
				GCC_WARN_UNUSED_VARIABLE = YES;
				IPHONEOS_DEPLOYMENT_TARGET = 15.2;
				MTL_ENABLE_DEBUG_INFO = INCLUDE_SOURCE;
				MTL_FAST_MATH = YES;
				ONLY_ACTIVE_ARCH = YES;
				SDKROOT = iphoneos;
				SWIFT_ACTIVE_COMPILATION_CONDITIONS = DEBUG;
				SWIFT_OPTIMIZATION_LEVEL = "-Onone";
			};
			name = Debug;
		};
		DEBB16F4285B370E00C77B57 /* Release */ = {
			isa = XCBuildConfiguration;
			buildSettings = {
				ALWAYS_SEARCH_USER_PATHS = NO;
				CLANG_ANALYZER_NONNULL = YES;
				CLANG_ANALYZER_NUMBER_OBJECT_CONVERSION = YES_AGGRESSIVE;
				CLANG_CXX_LANGUAGE_STANDARD = "gnu++17";
				CLANG_CXX_LIBRARY = "libc++";
				CLANG_ENABLE_MODULES = YES;
				CLANG_ENABLE_OBJC_ARC = YES;
				CLANG_ENABLE_OBJC_WEAK = YES;
				CLANG_WARN_BLOCK_CAPTURE_AUTORELEASING = YES;
				CLANG_WARN_BOOL_CONVERSION = YES;
				CLANG_WARN_COMMA = YES;
				CLANG_WARN_CONSTANT_CONVERSION = YES;
				CLANG_WARN_DEPRECATED_OBJC_IMPLEMENTATIONS = YES;
				CLANG_WARN_DIRECT_OBJC_ISA_USAGE = YES_ERROR;
				CLANG_WARN_DOCUMENTATION_COMMENTS = YES;
				CLANG_WARN_EMPTY_BODY = YES;
				CLANG_WARN_ENUM_CONVERSION = YES;
				CLANG_WARN_INFINITE_RECURSION = YES;
				CLANG_WARN_INT_CONVERSION = YES;
				CLANG_WARN_NON_LITERAL_NULL_CONVERSION = YES;
				CLANG_WARN_OBJC_IMPLICIT_RETAIN_SELF = YES;
				CLANG_WARN_OBJC_LITERAL_CONVERSION = YES;
				CLANG_WARN_OBJC_ROOT_CLASS = YES_ERROR;
				CLANG_WARN_QUOTED_INCLUDE_IN_FRAMEWORK_HEADER = YES;
				CLANG_WARN_RANGE_LOOP_ANALYSIS = YES;
				CLANG_WARN_STRICT_PROTOTYPES = YES;
				CLANG_WARN_SUSPICIOUS_MOVE = YES;
				CLANG_WARN_UNGUARDED_AVAILABILITY = YES_AGGRESSIVE;
				CLANG_WARN_UNREACHABLE_CODE = YES;
				CLANG_WARN__DUPLICATE_METHOD_MATCH = YES;
				COPY_PHASE_STRIP = NO;
				DEBUG_INFORMATION_FORMAT = "dwarf-with-dsym";
				ENABLE_NS_ASSERTIONS = NO;
				ENABLE_STRICT_OBJC_MSGSEND = YES;
				GCC_C_LANGUAGE_STANDARD = gnu11;
				GCC_NO_COMMON_BLOCKS = YES;
				GCC_WARN_64_TO_32_BIT_CONVERSION = YES;
				GCC_WARN_ABOUT_RETURN_TYPE = YES_ERROR;
				GCC_WARN_UNDECLARED_SELECTOR = YES;
				GCC_WARN_UNINITIALIZED_AUTOS = YES_AGGRESSIVE;
				GCC_WARN_UNUSED_FUNCTION = YES;
				GCC_WARN_UNUSED_VARIABLE = YES;
				IPHONEOS_DEPLOYMENT_TARGET = 15.2;
				MTL_ENABLE_DEBUG_INFO = NO;
				MTL_FAST_MATH = YES;
				SDKROOT = iphoneos;
				SWIFT_COMPILATION_MODE = wholemodule;
				SWIFT_OPTIMIZATION_LEVEL = "-O";
				VALIDATE_PRODUCT = YES;
			};
			name = Release;
		};
		DEBB16F6285B370E00C77B57 /* Debug */ = {
			isa = XCBuildConfiguration;
			buildSettings = {
				ASSETCATALOG_COMPILER_APPICON_NAME = AppIcon;
				ASSETCATALOG_COMPILER_GLOBAL_ACCENT_COLOR_NAME = AccentColor;
				CODE_SIGN_STYLE = Automatic;
				CURRENT_PROJECT_VERSION = 1;
				DEVELOPMENT_TEAM = 7CRNJ953YN;
				GENERATE_INFOPLIST_FILE = YES;
				INFOPLIST_FILE = "Programmatic Table View Study/Info.plist";
				INFOPLIST_KEY_UIApplicationSupportsIndirectInputEvents = YES;
				INFOPLIST_KEY_UILaunchStoryboardName = LaunchScreen;
				INFOPLIST_KEY_UISupportedInterfaceOrientations_iPad = "UIInterfaceOrientationPortrait UIInterfaceOrientationPortraitUpsideDown UIInterfaceOrientationLandscapeLeft UIInterfaceOrientationLandscapeRight";
				INFOPLIST_KEY_UISupportedInterfaceOrientations_iPhone = "UIInterfaceOrientationPortrait UIInterfaceOrientationLandscapeLeft UIInterfaceOrientationLandscapeRight";
				LD_RUNPATH_SEARCH_PATHS = (
					"$(inherited)",
					"@executable_path/Frameworks",
				);
				MARKETING_VERSION = 1.0;
				PRODUCT_BUNDLE_IDENTIFIER = "com.omerKilicaslan.Programmatic-Table-View-Study";
				PRODUCT_NAME = "$(TARGET_NAME)";
				SWIFT_EMIT_LOC_STRINGS = YES;
				SWIFT_VERSION = 5.0;
				TARGETED_DEVICE_FAMILY = "1,2";
			};
			name = Debug;
		};
		DEBB16F7285B370E00C77B57 /* Release */ = {
			isa = XCBuildConfiguration;
			buildSettings = {
				ASSETCATALOG_COMPILER_APPICON_NAME = AppIcon;
				ASSETCATALOG_COMPILER_GLOBAL_ACCENT_COLOR_NAME = AccentColor;
				CODE_SIGN_STYLE = Automatic;
				CURRENT_PROJECT_VERSION = 1;
				DEVELOPMENT_TEAM = 7CRNJ953YN;
				GENERATE_INFOPLIST_FILE = YES;
				INFOPLIST_FILE = "Programmatic Table View Study/Info.plist";
				INFOPLIST_KEY_UIApplicationSupportsIndirectInputEvents = YES;
				INFOPLIST_KEY_UILaunchStoryboardName = LaunchScreen;
				INFOPLIST_KEY_UISupportedInterfaceOrientations_iPad = "UIInterfaceOrientationPortrait UIInterfaceOrientationPortraitUpsideDown UIInterfaceOrientationLandscapeLeft UIInterfaceOrientationLandscapeRight";
				INFOPLIST_KEY_UISupportedInterfaceOrientations_iPhone = "UIInterfaceOrientationPortrait UIInterfaceOrientationLandscapeLeft UIInterfaceOrientationLandscapeRight";
				LD_RUNPATH_SEARCH_PATHS = (
					"$(inherited)",
					"@executable_path/Frameworks",
				);
				MARKETING_VERSION = 1.0;
				PRODUCT_BUNDLE_IDENTIFIER = "com.omerKilicaslan.Programmatic-Table-View-Study";
				PRODUCT_NAME = "$(TARGET_NAME)";
				SWIFT_EMIT_LOC_STRINGS = YES;
				SWIFT_VERSION = 5.0;
				TARGETED_DEVICE_FAMILY = "1,2";
			};
			name = Release;
		};
/* End XCBuildConfiguration section */

/* Begin XCConfigurationList section */
		DEBB16DC285B370D00C77B57 /* Build configuration list for PBXProject "Programmatic Table View Study" */ = {
			isa = XCConfigurationList;
			buildConfigurations = (
				DEBB16F3285B370E00C77B57 /* Debug */,
				DEBB16F4285B370E00C77B57 /* Release */,
			);
			defaultConfigurationIsVisible = 0;
			defaultConfigurationName = Release;
		};
		DEBB16F5285B370E00C77B57 /* Build configuration list for PBXNativeTarget "Programmatic Table View Study" */ = {
			isa = XCConfigurationList;
			buildConfigurations = (
				DEBB16F6285B370E00C77B57 /* Debug */,
				DEBB16F7285B370E00C77B57 /* Release */,
			);
			defaultConfigurationIsVisible = 0;
			defaultConfigurationName = Release;
		};
/* End XCConfigurationList section */
	};
	rootObject = DEBB16D9285B370D00C77B57 /* Project object */;
}
